
Microsoft Visual Studio Solution File, Format Version 12.00
# Visual Studio Version 16
VisualStudioVersion = 16.0.32126.315
MinimumVisualStudioVersion = 10.0.40219.1
Project("{9A19103F-16F7-4668-BE54-9A1E7A4F7556}") = "AS2122_4E_INF_Prof_ProvaGestioneArticoli", "AS2122_4E_INF_Prof_ProvaGestioneArticoli\AS2122_4E_INF_Prof_ProvaGestioneArticoli.csproj", "{4C09D11D-1CD5-4AD7-BBBB-6BE009D0001F}"
EndProject
Project("{2150E333-8FDC-42A3-9474-1A3956D46DE8}") = "Solution Items", "Solution Items", "{2FBF18CC-DBD1-449D-A710-F7A7C2B39336}"
	ProjectSection(SolutionItems) = preProject
		README.md = README.md
	EndProjectSection
EndProject
Global
	GlobalSection(SolutionConfigurationPlatforms) = preSolution
		Debug|Any CPU = Debug|Any CPU
		Release|Any CPU = Release|Any CPU
	EndGlobalSection
	GlobalSection(ProjectConfigurationPlatforms) = postSolution
		{4C09D11D-1CD5-4AD7-BBBB-6BE009D0001F}.Debug|Any CPU.ActiveCfg = Debug|Any CPU
		{4C09D11D-1CD5-4AD7-BBBB-6BE009D0001F}.Debug|Any CPU.Build.0 = Debug|Any CPU
		{4C09D11D-1CD5-4AD7-BBBB-6BE009D0001F}.Release|Any CPU.ActiveCfg = Release|Any CPU
		{4C09D11D-1CD5-4AD7-BBBB-6BE009D0001F}.Release|Any CPU.Build.0 = Release|Any CPU
	EndGlobalSection
	GlobalSection(SolutionProperties) = preSolution
		HideSolutionNode = FALSE
	EndGlobalSection
	GlobalSection(ExtensibilityGlobals) = postSolution
		SolutionGuid = {C96AEB92-5B7F-431F-8929-19E853D94496}
	EndGlobalSection
EndGlobal
